<?xml version="1.0" encoding="utf-8"?>
<Project ToolsVersion="4.0" xmlns="http://schemas.microsoft.com/developer/msbuild/2003">
  <ItemGroup>
    <ClCompile Include="BoundingBox.cpp" />
    <ClCompile Include="CharacterStat.cpp" />
    <ClCompile Include="Collisions.cpp" />
    <ClCompile Include="GameObjectContainer.cpp" />
    <ClCompile Include="LocationRect.cpp" />
    <ClCompile Include="Player.cpp" />
    <ClCompile Include="Projectile.cpp" />
    <ClCompile Include="RigidBody.cpp" />
    <ClCompile Include="Spawner.cpp" />
    <ClCompile Include="Transform.cpp" />
    <ClCompile Include="Velocity.cpp" />
    <ClCompile Include="Character.cpp" />
    <ClCompile Include="GroupObject.cpp" />
    <ClCompile Include="IMovable.cpp" />
    <ClCompile Include="Main.cpp" />
    <ClCompile Include="MeshObject.cpp" />
    <ClCompile Include="PhysicsEngine.cpp" />
    <ClCompile Include="Quadtree.cpp" />
    <ClCompile Include="Rect.cpp" />
    <ClCompile Include="RectObject.cpp" />
    <ClCompile Include="WorldEngine.cpp" />
    <ClCompile Include="WorldSquare.cpp" />
    <ClCompile Include="ServerMain.cpp" />
  </ItemGroup>
  <ItemGroup>
    <ClInclude Include="BoundingBox.h" />
    <ClInclude Include="CharacterStat.h" />
    <ClInclude Include="Collisions.h" />
    <ClInclude Include="GameObjectContainer.h" />
    <ClInclude Include="LocationRect.h" />
    <ClInclude Include="Player.h" />
    <ClInclude Include="Projectile.h" />
    <ClInclude Include="Rectangle.h" />
    <ClInclude Include="RigidBody.h" />
    <ClInclude Include="Spawner.h" />
    <ClInclude Include="Transform.h" />
    <ClInclude Include="Velocity.h" />
    <ClInclude Include="Character.h" />
    <ClInclude Include="IUpdateable.h" />
    <ClInclude Include="IObject.h" />
    <ClInclude Include="IGameObject.h" />
    <ClInclude Include="GroupObject.h" />
    <ClInclude Include="PhysicsEngine.h" />
    <ClInclude Include="IMovable.h" />
    <ClInclude Include="Quadtree.h" />
    <ClInclude Include="Rect.h" />
    <ClInclude Include="MeshObject.h" />
    <ClInclude Include="RectObject.h" />
    <ClInclude Include="WorldEngine.h" />
    <ClInclude Include="WorldSquare.h" />
    <ClInclude Include="ServerMain.h" />
  </ItemGroup>
</Project>