<?xml version="1.0" encoding="utf-8"?>
<Project ToolsVersion="4.0" xmlns="http://schemas.microsoft.com/developer/msbuild/2003">
  <ItemGroup>
    <Filter Include="Source Files">
      <UniqueIdentifier>{4FC737F1-C7A5-4376-A066-2A32D752A2FF}</UniqueIdentifier>
      <Extensions>cpp;c;cc;cxx;def;odl;idl;hpj;bat;asm;asmx</Extensions>
    </Filter>
    <Filter Include="Header Files">
      <UniqueIdentifier>{93995380-89BD-4b04-88EB-625FBE52EBFB}</UniqueIdentifier>
      <Extensions>h;hh;hpp;hxx;hm;inl;inc;xsd</Extensions>
    </Filter>
    <Filter Include="Resource Files">
      <UniqueIdentifier>{67DA6AB6-F800-4c08-8B7A-83BB121AAD01}</UniqueIdentifier>
      <Extensions>rc;ico;cur;bmp;dlg;rc2;rct;bin;rgs;gif;jpg;jpeg;jpe;resx;tiff;tif;png;wav;mfcribbon-ms</Extensions>
    </Filter>
    <Filter Include="Header Files\GameEngine">
      <UniqueIdentifier>{23929ef7-2a33-4899-9d6b-d177d156e1a6}</UniqueIdentifier>
    </Filter>
    <Filter Include="Header Files\GameEngine\Physics">
      <UniqueIdentifier>{14d860c4-14ca-4bc7-8737-8820fcd8aa08}</UniqueIdentifier>
    </Filter>
    <Filter Include="Header Files\GameEngine\World">
      <UniqueIdentifier>{c9a5d57e-82d1-4414-a515-9e3087c1a833}</UniqueIdentifier>
    </Filter>
    <Filter Include="Header Files\GameEngine\Networking">
      <UniqueIdentifier>{aabde45f-ef9c-49a9-a803-7dec07cd7ab0}</UniqueIdentifier>
    </Filter>
    <Filter Include="Header Files\GameEngine\Interfaces">
      <UniqueIdentifier>{f702fcb3-187d-4df0-b6b5-0c6c28c7187b}</UniqueIdentifier>
    </Filter>
    <Filter Include="Header Files\GameEngine\Input">
      <UniqueIdentifier>{34f0fa1b-1316-4fe9-8332-b3d1a0ad979d}</UniqueIdentifier>
    </Filter>
    <Filter Include="Header Files\GameEngine\Graphics">
      <UniqueIdentifier>{fb8fe955-a446-47fc-9cbb-c7aea86e1fca}</UniqueIdentifier>
    </Filter>
    <Filter Include="Header Files\GameEngine\Base">
      <UniqueIdentifier>{260515f7-69f4-4b07-aa6b-00df0d65a867}</UniqueIdentifier>
    </Filter>
    <Filter Include="Header Files\GameScript">
      <UniqueIdentifier>{67b64511-5a55-4945-90fe-43b7b1e01b5e}</UniqueIdentifier>
    </Filter>
    <Filter Include="Source Files\GameEngine">
      <UniqueIdentifier>{6a34183e-5967-417a-b59d-355a2b0b98e1}</UniqueIdentifier>
    </Filter>
    <Filter Include="Source Files\GameScript">
      <UniqueIdentifier>{12fd74f1-a94c-4bab-b6a0-341e19824211}</UniqueIdentifier>
    </Filter>
    <Filter Include="Source Files\GameEngine\Physics">
      <UniqueIdentifier>{74c0443c-d2ab-4996-8309-86e798406e9a}</UniqueIdentifier>
    </Filter>
    <Filter Include="Source Files\GameEngine\World">
      <UniqueIdentifier>{03a0a615-1a31-4ddb-b88b-681df1369519}</UniqueIdentifier>
    </Filter>
    <Filter Include="Source Files\GameEngine\Interface">
      <UniqueIdentifier>{4c3139ce-45b0-4dd4-a648-a5fa6aa8ecc9}</UniqueIdentifier>
    </Filter>
    <Filter Include="Source Files\GameEngine\Graphics">
      <UniqueIdentifier>{9a7fa529-b7c7-4f38-98cd-68d6be7a0397}</UniqueIdentifier>
    </Filter>
    <Filter Include="Source Files\GameEngine\Input">
      <UniqueIdentifier>{5c1e9252-cbcd-49e0-93f5-7dc35b7d7a92}</UniqueIdentifier>
    </Filter>
    <Filter Include="Source Files\GameEngine\Networking">
      <UniqueIdentifier>{4771ed3c-fa70-4781-bf44-7733f7fa47f3}</UniqueIdentifier>
    </Filter>
  </ItemGroup>
  <ItemGroup>
    <ClCompile Include="WorldSquare.cpp">
      <Filter>Source Files\GameEngine\World</Filter>
    </ClCompile>
    <ClCompile Include="WorldEngine.cpp">
      <Filter>Source Files\GameEngine\World</Filter>
    </ClCompile>
    <ClCompile Include="InputManager.cpp">
      <Filter>Source Files\GameEngine\Input</Filter>
    </ClCompile>
    <ClCompile Include="MeshObject.cpp">
      <Filter>Source Files\GameEngine\Graphics</Filter>
    </ClCompile>
    <ClCompile Include="IRenderable.cpp">
      <Filter>Source Files\GameEngine\Interface</Filter>
    </ClCompile>
    <ClCompile Include="IMovable.cpp">
      <Filter>Source Files\GameEngine\Interface</Filter>
    </ClCompile>
    <ClCompile Include="Position.cpp">
      <Filter>Source Files\GameEngine\Physics</Filter>
    </ClCompile>
    <ClCompile Include="Quadtree.cpp">
      <Filter>Source Files\GameEngine\Physics</Filter>
    </ClCompile>
    <ClCompile Include="Rect.cpp">
      <Filter>Source Files\GameEngine\Physics</Filter>
    </ClCompile>
    <ClCompile Include="Collisions.cpp">
      <Filter>Source Files\GameEngine\Physics</Filter>
    </ClCompile>
    <ClCompile Include="IGameObject.cpp">
      <Filter>Source Files\GameEngine\Interface</Filter>
    </ClCompile>
    <ClCompile Include="Character.cpp">
      <Filter>Source Files\GameEngine</Filter>
    </ClCompile>
    <ClCompile Include="CharacterController.cpp">
      <Filter>Source Files\GameEngine</Filter>
    </ClCompile>
    <ClCompile Include="GlutManager.cpp">
      <Filter>Source Files\GameEngine</Filter>
    </ClCompile>
    <ClCompile Include="GroupObject.cpp">
      <Filter>Source Files\GameEngine</Filter>
    </ClCompile>
    <ClCompile Include="TestObject.cpp">
      <Filter>Source Files\GameEngine</Filter>
    </ClCompile>
    <ClCompile Include="shader_utils.cpp">
      <Filter>Source Files\GameEngine\Graphics</Filter>
    </ClCompile>
    <ClCompile Include="GLUIManager.cpp">
      <Filter>Source Files\GameEngine</Filter>
    </ClCompile>
    <ClCompile Include="BoundingBox.cpp">
      <Filter>Source Files\GameEngine</Filter>
    </ClCompile>
    <ClCompile Include="CQDemo01.cpp">
      <Filter>Source Files\GameEngine</Filter>
    </ClCompile>
    <ClCompile Include="GameObjectContainer.cpp">
      <Filter>Source Files\GameEngine</Filter>
    </ClCompile>
    <ClCompile Include="PhysicsEngine.cpp">
      <Filter>Source Files\GameEngine</Filter>
    </ClCompile>
    <ClCompile Include="RectObject.cpp">
      <Filter>Source Files\GameEngine</Filter>
    </ClCompile>
    <ClCompile Include="RigidBody.cpp">
      <Filter>Source Files\GameEngine</Filter>
    </ClCompile>
    <ClCompile Include="Scene.cpp">
      <Filter>Source Files\GameEngine</Filter>
    </ClCompile>
    <ClCompile Include="Velocity.cpp">
      <Filter>Source Files\GameEngine</Filter>
    </ClCompile>
    <ClCompile Include="Main.cpp">
      <Filter>Source Files</Filter>
    </ClCompile>
    <ClCompile Include="GameScene.cpp">
      <Filter>Source Files\GameScript</Filter>
    </ClCompile>
    <ClCompile Include="Player.cpp">
      <Filter>Source Files</Filter>
    </ClCompile>
    <ClCompile Include="Camera.cpp">
      <Filter>Source Files</Filter>
    </ClCompile>
    <ClCompile Include="LocationRect.cpp">
      <Filter>Source Files\GameEngine\Physics</Filter>
      <Filter>Source Files\GameEngine</Filter>
    </ClCompile>
    <ClCompile Include="CharacterStat.cpp">
      <Filter>Source Files</Filter>
    </ClCompile>
  </ItemGroup>
  <ItemGroup>
    <ClInclude Include="MeshObject.h">
      <Filter>Header Files\GameEngine\Graphics</Filter>
    </ClInclude>
    <ClInclude Include="InputManager.h">
      <Filter>Header Files\GameEngine\Input</Filter>
    </ClInclude>
    <ClInclude Include="WorldSquare.h">
      <Filter>Header Files\GameEngine\World</Filter>
    </ClInclude>
    <ClInclude Include="WorldEngine.h">
      <Filter>Header Files\GameEngine\World</Filter>
    </ClInclude>
    <ClInclude Include="openGL.h">
      <Filter>Header Files\GameEngine\Base</Filter>
    </ClInclude>
    <ClInclude Include="Position.h">
      <Filter>Header Files\GameEngine\Graphics</Filter>
    </ClInclude>
    <ClInclude Include="IRenderable.h">
      <Filter>Header Files\GameEngine\Interfaces</Filter>
    </ClInclude>
    <ClInclude Include="IMovable.h">
      <Filter>Header Files\GameEngine\Interfaces</Filter>
    </ClInclude>
    <ClInclude Include="IGameObject.h">
      <Filter>Header Files\GameEngine\Interfaces</Filter>
    </ClInclude>
    <ClInclude Include="IObject.h">
      <Filter>Header Files\GameEngine\Interfaces</Filter>
    </ClInclude>
    <ClInclude Include="Quadtree.h">
      <Filter>Header Files\GameEngine\Physics</Filter>
    </ClInclude>
    <ClInclude Include="Rect.h">
      <Filter>Header Files\GameEngine\Physics</Filter>
    </ClInclude>
    <ClInclude Include="Collisions.h">
      <Filter>Header Files\GameEngine\Physics</Filter>
    </ClInclude>
    <ClInclude Include="IUpdateable.h">
      <Filter>Header Files\GameEngine\Interfaces</Filter>
    </ClInclude>
    <ClInclude Include="TestObject.h">
      <Filter>Header Files\GameEngine</Filter>
    </ClInclude>
    <ClInclude Include="Character.h">
      <Filter>Header Files\GameEngine</Filter>
    </ClInclude>
    <ClInclude Include="CharacterController.h">
      <Filter>Header Files\GameEngine</Filter>
    </ClInclude>
    <ClInclude Include="GlutManager.h">
      <Filter>Header Files\GameEngine</Filter>
    </ClInclude>
    <ClInclude Include="GroupObject.h">
      <Filter>Header Files\GameEngine</Filter>
    </ClInclude>
    <ClInclude Include="shader_utils.h">
      <Filter>Header Files\GameEngine\Graphics</Filter>
    </ClInclude>
    <ClInclude Include="GLUIManager.h">
      <Filter>Header Files\GameEngine</Filter>
    </ClInclude>
    <ClInclude Include="BoundingBox.h">
      <Filter>Header Files\GameEngine</Filter>
    </ClInclude>
    <ClInclude Include="CQDemo01.h">
      <Filter>Header Files\GameEngine</Filter>
    </ClInclude>
    <ClInclude Include="GameObjectContainer.h">
      <Filter>Header Files\GameEngine</Filter>
    </ClInclude>
    <ClInclude Include="PhysicsEngine.h">
      <Filter>Header Files\GameEngine</Filter>
    </ClInclude>
    <ClInclude Include="RectObject.h">
      <Filter>Header Files\GameEngine</Filter>
    </ClInclude>
    <ClInclude Include="RigidBody.h">
      <Filter>Header Files\GameEngine</Filter>
    </ClInclude>
    <ClInclude Include="Scene.h">
      <Filter>Header Files\GameEngine</Filter>
    </ClInclude>
    <ClInclude Include="Velocity.h">
      <Filter>Header Files\GameEngine</Filter>
    </ClInclude>
    <ClInclude Include="GameScene.h">
      <Filter>Header Files\GameScript</Filter>
    </ClInclude>
    <ClInclude Include="Camera.h">
      <Filter>Header Files</Filter>
    </ClInclude>
    <ClInclude Include="Player.h">
      <Filter>Header Files</Filter>
    </ClInclude>
    <ClInclude Include="LocationRect.h">
      <Filter>Header Files\GameEngine\Physics</Filter>
      <Filter>Header Files\GameEngine</Filter>
    </ClInclude>
    <ClInclude Include="CharacterStat.h">
      <Filter>Header Files</Filter>
    </ClInclude>
  </ItemGroup>
</Project>